{
  "name": "@bcrs-shared-components/expandable-help",
  "version": "2.0.0",
  "lockfileVersion": 3,
  "requires": true,
  "packages": {
    "": {
      "name": "@bcrs-shared-components/expandable-help",
      "version": "2.0.0",
      "dependencies": {
        "vue": "^2.7.14"
      }
    },
    "../../enums": {
      "name": "@bcrs-shared-components/enums",
      "version": "1.0.48",
      "extraneous": true,
      "dependencies": {
        "@bcrs-shared-components/corp-type-module": "^1.0.13"
      }
    },
    "../../interfaces": {
      "name": "@bcrs-shared-components/interfaces",
      "version": "1.0.73",
      "extraneous": true,
      "dependencies": {
        "@bcrs-shared-components/enums": "^1.0.48",
        "vue": "^2.7.14"
      }
    },
    "../../mixins": {
      "name": "@bcrs-shared-components/mixins",
      "version": "1.1.23",
      "extraneous": true,
      "dependencies": {
        "@bcrs-shared-components/enums": "^1.0.48",
        "@bcrs-shared-components/interfaces": "^1.0.73",
        "country-list": "^2.3.0",
        "lodash": "4.17.21",
        "provinces": "^1.11.0",
        "vue": "^2.7.14"
      },
      "devDependencies": {
        "vue-property-decorator": "^9.1.2"
      }
    },
    "../../modules/corp-type-module": {
      "name": "@bcrs-shared-components/corp-type-module",
      "version": "1.0.13",
      "extraneous": true
    },
    "node_modules/@babel/parser": {
      "version": "7.21.2",
      "license": "MIT",
      "bin": {
        "parser": "bin/babel-parser.js"
      },
      "engines": {
        "node": ">=6.0.0"
      }
    },
    "node_modules/@vue/compiler-sfc": {
      "version": "2.7.14",
      "dependencies": {
        "@babel/parser": "^7.18.4",
        "postcss": "^8.4.14",
        "source-map": "^0.6.1"
      }
    },
    "node_modules/csstype": {
      "version": "3.1.1",
      "license": "MIT"
    },
    "node_modules/nanoid": {
      "version": "3.3.4",
      "license": "MIT",
      "bin": {
        "nanoid": "bin/nanoid.cjs"
      },
      "engines": {
        "node": "^10 || ^12 || ^13.7 || ^14 || >=15.0.1"
      }
    },
    "node_modules/picocolors": {
      "version": "1.0.0",
      "license": "ISC"
    },
    "node_modules/postcss": {
      "version": "8.4.21",
      "funding": [
        {
          "type": "opencollective",
          "url": "https://opencollective.com/postcss/"
        },
        {
          "type": "tidelift",
          "url": "https://tidelift.com/funding/github/npm/postcss"
        }
      ],
      "license": "MIT",
      "dependencies": {
        "nanoid": "^3.3.4",
        "picocolors": "^1.0.0",
        "source-map-js": "^1.0.2"
      },
      "engines": {
        "node": "^10 || ^12 || >=14"
      }
    },
    "node_modules/source-map": {
      "version": "0.6.1",
      "license": "BSD-3-Clause",
      "engines": {
        "node": ">=0.10.0"
      }
    },
    "node_modules/source-map-js": {
      "version": "1.0.2",
      "license": "BSD-3-Clause",
      "engines": {
        "node": ">=0.10.0"
      }
    },
    "node_modules/vue": {
      "version": "2.7.14",
      "resolved": "https://registry.npmjs.org/vue/-/vue-2.7.14.tgz",
      "integrity": "sha512-b2qkFyOM0kwqWFuQmgd4o+uHGU7T+2z3T+WQp8UBjADfEv2n4FEMffzBmCKNP0IGzOEEfYjvtcC62xaSKeQDrQ==",
      "dependencies": {
        "@vue/compiler-sfc": "2.7.14",
        "csstype": "^3.1.0"
      }
    }
  }
}
