{
	"name": "@bcrs-shared-components/date-picker",
	"version": "1.1.4",
	"lockfileVersion": 1,
	"requires": true,
	"dependencies": {
		"vue-property-decorator": {
			"version": "8.5.1",
			"resolved": "https://registry.npmjs.org/vue-property-decorator/-/vue-property-decorator-8.5.1.tgz",
			"integrity": "sha512-O6OUN2OMsYTGPvgFtXeBU3jPnX5ffQ9V4I1WfxFQ6dqz6cOUbR3Usou7kgFpfiXDvV7dJQSFcJ5yUPgOtPPm1Q==",
			"requires": {
				"vue-class-component": "^7.1.0"
			},
			"dependencies": {
				"vue-class-component": {
					"version": "7.2.6",
					"resolved": "https://registry.npmjs.org/vue-class-component/-/vue-class-component-7.2.6.tgz",
					"integrity": "sha512-+eaQXVrAm/LldalI272PpDe3+i4mPis0ORiMYxF6Ae4hyuCh15W8Idet7wPUEs4N4YptgFHGys4UrgNQOMyO6w=="
				}
			}
		}
	}
}
