{
  "name": "@bcrs-shared-components/completing-party",
  "version": "2.1.55",
  "lockfileVersion": 2,
  "requires": true,
  "packages": {
    "": {
      "name": "@bcrs-shared-components/completing-party",
      "version": "2.1.55",
      "dependencies": {
        "vuelidate": "0.6.2"
      }
    },
    "../../enums": {
      "name": "@bcrs-shared-components/enums",
      "version": "1.0.34",
      "extraneous": true,
      "dependencies": {
        "@bcrs-shared-components/corp-type-module": "^1.0.10"
      }
    },
    "../../interfaces": {
      "name": "@bcrs-shared-components/interfaces",
      "version": "1.0.55",
      "extraneous": true,
      "dependencies": {
        "@bcrs-shared-components/enums": "^1.0.34",
        "vue": "2.7.10"
      }
    },
    "../../modules/corp-type-module": {
      "name": "@bcrs-shared-components/corp-type-module",
      "version": "1.0.10",
      "extraneous": true
    },
    "node_modules/vuelidate": {
      "version": "0.6.2",
      "resolved": "https://registry.npmjs.org/vuelidate/-/vuelidate-0.6.2.tgz",
      "integrity": "sha512-rowo/OSwC8XEGdWg+ZgTpcgxYtmbQKbGOw4Z+lfT/BkNPoNyPEVgIeObUhhFO7Q7Lz0u0p429qfus/BHs9tMpg==",
      "engines": {
        "node": ">= 4.0.0",
        "npm": ">= 3.0.0"
      }
    }
  },
  "dependencies": {
    "vuelidate": {
      "version": "0.6.2",
      "resolved": "https://registry.npmjs.org/vuelidate/-/vuelidate-0.6.2.tgz",
      "integrity": "sha512-rowo/OSwC8XEGdWg+ZgTpcgxYtmbQKbGOw4Z+lfT/BkNPoNyPEVgIeObUhhFO7Q7Lz0u0p429qfus/BHs9tMpg=="
    }
  }
}
