{
  "name": "@bcrs-shared-components/mixins",
  "version": "1.1.67",
  "lockfileVersion": 2,
  "requires": true,
  "packages": {
    "": {
      "name": "@bcrs-shared-components/mixins",
      "version": "1.1.67",
      "dependencies": {
        "country-list": "^2.3.0"
      }
    },
    "../enums": {
      "name": "@bcrs-shared-components/enums",
      "version": "1.0.34",
      "extraneous": true,
      "dependencies": {
        "@bcrs-shared-components/corp-type-module": "^1.0.10"
      }
    },
    "../interfaces": {
      "name": "@bcrs-shared-components/interfaces",
      "version": "1.0.55",
      "extraneous": true,
      "dependencies": {
        "vue": "2.7.10"
      }
    },
    "../modules/corp-type-module": {
      "name": "@bcrs-shared-components/corp-type-module",
      "version": "1.0.10",
      "extraneous": true
    },
    "node_modules/country-list": {
      "version": "2.3.0",
      "resolved": "https://registry.npmjs.org/country-list/-/country-list-2.3.0.tgz",
      "integrity": "sha512-qZk66RlmQm7fQjMYWku1AyjlKPogjPEorAZJG88owPExoPV8EsyCcuFLvO2afTXHEhi9liVOoyd+5A6ZS5QwaA=="
    }
  },
  "dependencies": {
    "country-list": {
      "version": "2.3.0",
      "resolved": "https://registry.npmjs.org/country-list/-/country-list-2.3.0.tgz",
      "integrity": "sha512-qZk66RlmQm7fQjMYWku1AyjlKPogjPEorAZJG88owPExoPV8EsyCcuFLvO2afTXHEhi9liVOoyd+5A6ZS5QwaA=="
    }
  }
}
