{
  "name": "@bcrs-shared-components/interfaces",
  "version": "2.0.1",
  "lockfileVersion": 2,
  "requires": true,
  "packages": {
    "": {
      "name": "@bcrs-shared-components/interfaces",
      "version": "2.0.1",
      "dependencies": {
        "@bcrs-shared-components/enums": "^2.0.0"
      }
    },
    "../enums": {
      "name": "@bcrs-shared-components/enums",
      "version": "1.0.34",
      "extraneous": true,
      "dependencies": {
        "@bcrs-shared-components/corp-type-module": "^1.0.10"
      }
    },
    "../modules/corp-type-module": {
      "name": "@bcrs-shared-components/corp-type-module",
      "version": "1.0.10",
      "extraneous": true
    },
    "node_modules/@bcrs-shared-components/corp-type-module": {
      "version": "1.0.15",
      "resolved": "https://registry.npmjs.org/@bcrs-shared-components/corp-type-module/-/corp-type-module-1.0.15.tgz",
      "integrity": "sha512-g/TcNSR7zJsG2lBjn/NnM+/+k7dJzhAiy5PiPj0ObN56bUV1PrUWVVlg5lz4/JZUEAZetWhwnyAzPVGsn7kr1w=="
    },
    "node_modules/@bcrs-shared-components/enums": {
      "version": "2.0.0",
      "resolved": "https://registry.npmjs.org/@bcrs-shared-components/enums/-/enums-2.0.0.tgz",
      "integrity": "sha512-Ed3aX+nGzT02SFmM0RDc7WpDhKjkMhv9EEklPPso9q2YYHQwm7H9BoK9O14gs+UbvfZsTkSeufWKofLGQiXJQw==",
      "dependencies": {
        "@bcrs-shared-components/corp-type-module": "^1.0.13"
      }
    }
  },
  "dependencies": {
    "@bcrs-shared-components/corp-type-module": {
      "version": "1.0.15",
      "resolved": "https://registry.npmjs.org/@bcrs-shared-components/corp-type-module/-/corp-type-module-1.0.15.tgz",
      "integrity": "sha512-g/TcNSR7zJsG2lBjn/NnM+/+k7dJzhAiy5PiPj0ObN56bUV1PrUWVVlg5lz4/JZUEAZetWhwnyAzPVGsn7kr1w=="
    },
    "@bcrs-shared-components/enums": {
      "version": "2.0.0",
      "resolved": "https://registry.npmjs.org/@bcrs-shared-components/enums/-/enums-2.0.0.tgz",
      "integrity": "sha512-Ed3aX+nGzT02SFmM0RDc7WpDhKjkMhv9EEklPPso9q2YYHQwm7H9BoK9O14gs+UbvfZsTkSeufWKofLGQiXJQw==",
      "requires": {
        "@bcrs-shared-components/corp-type-module": "^1.0.13"
      }
    }
  }
}
