{
	"name": "@bcrs-shared-components/interfaces",
	"version": "1.0.14",
	"lockfileVersion": 2,
	"requires": true,
	"packages": {
		"": {
			"name": "@bcrs-shared-components/interfaces",
			"version": "1.0.14",
			"dependencies": {
				"hoist": "^0.0.6",
				"vue": "^2.6.11"
			}
		},
		"node_modules/async": {
			"version": "0.2.10",
			"resolved": "https://registry.npmjs.org/async/-/async-0.2.10.tgz",
			"integrity": "sha1-trvgsGdLnXGXCMo43owjfLUmw9E="
		},
		"node_modules/hoist": {
			"version": "0.0.6",
			"resolved": "https://registry.npmjs.org/hoist/-/hoist-0.0.6.tgz",
			"integrity": "sha1-QaXtl8r0i7hjeM92wXsizGxKLmQ=",
			"dependencies": {
				"async": "0.2.x",
				"type-component": "0.0.x"
			}
		},
		"node_modules/type-component": {
			"version": "0.0.1",
			"resolved": "https://registry.npmjs.org/type-component/-/type-component-0.0.1.tgz",
			"integrity": "sha1-lSpsgcIe/STRPYEdDISYy4YOGVY="
		},
		"node_modules/vue": {
			"version": "2.6.12",
			"resolved": "https://registry.npmjs.org/vue/-/vue-2.6.12.tgz",
			"integrity": "sha512-uhmLFETqPPNyuLLbsKz6ioJ4q7AZHzD8ZVFNATNyICSZouqP2Sz0rotWQC8UNBF6VGSCs5abnKJoStA6JbCbfg=="
		}
	},
	"dependencies": {
		"async": {
			"version": "0.2.10",
			"resolved": "https://registry.npmjs.org/async/-/async-0.2.10.tgz",
			"integrity": "sha1-trvgsGdLnXGXCMo43owjfLUmw9E="
		},
		"hoist": {
			"version": "0.0.6",
			"resolved": "https://registry.npmjs.org/hoist/-/hoist-0.0.6.tgz",
			"integrity": "sha1-QaXtl8r0i7hjeM92wXsizGxKLmQ=",
			"requires": {
				"async": "0.2.x",
				"type-component": "0.0.x"
			}
		},
		"type-component": {
			"version": "0.0.1",
			"resolved": "https://registry.npmjs.org/type-component/-/type-component-0.0.1.tgz",
			"integrity": "sha1-lSpsgcIe/STRPYEdDISYy4YOGVY="
		},
		"vue": {
			"version": "2.6.12",
			"resolved": "https://registry.npmjs.org/vue/-/vue-2.6.12.tgz",
			"integrity": "sha512-uhmLFETqPPNyuLLbsKz6ioJ4q7AZHzD8ZVFNATNyICSZouqP2Sz0rotWQC8UNBF6VGSCs5abnKJoStA6JbCbfg=="
		}
	}
}
