{
  "name": "@bcrs-shared-components/base-address",
  "version": "2.0.2",
  "lockfileVersion": 2,
  "requires": true,
  "packages": {
    "": {
      "name": "@bcrs-shared-components/base-address",
      "version": "2.0.2",
      "dependencies": {
        "vuelidate": "^0.7.4"
      }
    },
    "node_modules/vuelidate": {
      "version": "0.7.7",
      "resolved": "https://registry.npmjs.org/vuelidate/-/vuelidate-0.7.7.tgz",
      "integrity": "sha512-pT/U2lDI67wkIqI4tum7cMSIfGcAMfB+Phtqh2ttdXURwvHRBJEAQ0tVbUsW9Upg83Q5QH59bnCoXI7A9JDGnA==",
      "engines": {
        "node": ">= 4.0.0",
        "npm": ">= 3.0.0"
      }
    }
  },
  "dependencies": {
    "vuelidate": {
      "version": "0.7.7",
      "resolved": "https://registry.npmjs.org/vuelidate/-/vuelidate-0.7.7.tgz",
      "integrity": "sha512-pT/U2lDI67wkIqI4tum7cMSIfGcAMfB+Phtqh2ttdXURwvHRBJEAQ0tVbUsW9Upg83Q5QH59bnCoXI7A9JDGnA=="
    }
  }
}
