{
  "name": "@bcrs-shared-components/base-address",
  "version": "2.0.33",
  "lockfileVersion": 2,
  "requires": true,
  "packages": {
    "": {
      "name": "@bcrs-shared-components/base-address",
      "version": "2.0.33",
      "dependencies": {
        "vuelidate": "0.6.2"
      }
    },
    "node_modules/vuelidate": {
      "version": "0.6.2",
      "resolved": "https://registry.npmjs.org/vuelidate/-/vuelidate-0.6.2.tgz",
      "integrity": "sha512-rowo/OSwC8XEGdWg+ZgTpcgxYtmbQKbGOw4Z+lfT/BkNPoNyPEVgIeObUhhFO7Q7Lz0u0p429qfus/BHs9tMpg==",
      "engines": {
        "node": ">= 4.0.0",
        "npm": ">= 3.0.0"
      }
    }
  },
  "dependencies": {
    "vuelidate": {
      "version": "0.6.2",
      "resolved": "https://registry.npmjs.org/vuelidate/-/vuelidate-0.6.2.tgz",
      "integrity": "sha512-rowo/OSwC8XEGdWg+ZgTpcgxYtmbQKbGOw4Z+lfT/BkNPoNyPEVgIeObUhhFO7Q7Lz0u0p429qfus/BHs9tMpg=="
    }
  }
}
