{
  "name": "@bcrs-shared-components/base-address",
  "version": "3.0.3",
  "lockfileVersion": 2,
  "requires": true,
  "packages": {
    "": {
      "name": "@bcrs-shared-components/base-address",
      "version": "3.0.3",
      "dependencies": {
        "@bcrs-shared-components/enums": "^2.0.0",
        "@bcrs-shared-components/interfaces": "^2.0.0",
        "@bcrs-shared-components/mixins": "^2.0.1",
        "lodash.uniqueid": "^4.0.1"
      }
    },
    "node_modules/@babel/parser": {
      "version": "7.23.6",
      "resolved": "https://registry.npmjs.org/@babel/parser/-/parser-7.23.6.tgz",
      "integrity": "sha512-Z2uID7YJ7oNvAI20O9X0bblw7Qqs8Q2hFy0R9tAfnfLkp5MW0UH9eUvnDSnFwKZ0AvgS1ucqR4KzvVHgnke1VQ==",
      "bin": {
        "parser": "bin/babel-parser.js"
      },
      "engines": {
        "node": ">=6.0.0"
      }
    },
    "node_modules/@bcrs-shared-components/corp-type-module": {
      "version": "1.0.15",
      "resolved": "https://registry.npmjs.org/@bcrs-shared-components/corp-type-module/-/corp-type-module-1.0.15.tgz",
      "integrity": "sha512-g/TcNSR7zJsG2lBjn/NnM+/+k7dJzhAiy5PiPj0ObN56bUV1PrUWVVlg5lz4/JZUEAZetWhwnyAzPVGsn7kr1w=="
    },
    "node_modules/@bcrs-shared-components/enums": {
      "version": "2.0.0",
      "resolved": "https://registry.npmjs.org/@bcrs-shared-components/enums/-/enums-2.0.0.tgz",
      "integrity": "sha512-Ed3aX+nGzT02SFmM0RDc7WpDhKjkMhv9EEklPPso9q2YYHQwm7H9BoK9O14gs+UbvfZsTkSeufWKofLGQiXJQw==",
      "dependencies": {
        "@bcrs-shared-components/corp-type-module": "^1.0.13"
      }
    },
    "node_modules/@bcrs-shared-components/interfaces": {
      "version": "2.0.0",
      "resolved": "https://registry.npmjs.org/@bcrs-shared-components/interfaces/-/interfaces-2.0.0.tgz",
      "integrity": "sha512-4LMlLKho7spE6IjQpiyHLShF2bw44wSeGimRdOST6wmMB0UbQw5fghUaU++KYrF/MLmBMo1q2lV6YdJw4f7DbA==",
      "dependencies": {
        "@bcrs-shared-components/enums": "^2.0.0",
        "vue": "^2.7.14"
      }
    },
    "node_modules/@bcrs-shared-components/mixins": {
      "version": "2.0.1",
      "resolved": "https://registry.npmjs.org/@bcrs-shared-components/mixins/-/mixins-2.0.1.tgz",
      "integrity": "sha512-SavsgDw+P/uWgsBG7N/qqfFje7s/wVi7aFg/FyiRZa/Pbj60wh6ZXugru0F0P6zqfFfItJMN9H+f+f+Sc8qPOQ==",
      "dependencies": {
        "@bcrs-shared-components/enums": "^2.0.0",
        "@bcrs-shared-components/interfaces": "^2.0.0",
        "country-list": "^2.3.0",
        "lodash": "4.17.21",
        "provinces": "^1.11.0",
        "vue": "^3.3.4"
      }
    },
    "node_modules/@bcrs-shared-components/mixins/node_modules/@vue/compiler-sfc": {
      "version": "3.4.15",
      "resolved": "https://registry.npmjs.org/@vue/compiler-sfc/-/compiler-sfc-3.4.15.tgz",
      "integrity": "sha512-LCn5M6QpkpFsh3GQvs2mJUOAlBQcCco8D60Bcqmf3O3w5a+KWS5GvYbrrJBkgvL1BDnTp+e8q0lXCLgHhKguBA==",
      "dependencies": {
        "@babel/parser": "^7.23.6",
        "@vue/compiler-core": "3.4.15",
        "@vue/compiler-dom": "3.4.15",
        "@vue/compiler-ssr": "3.4.15",
        "@vue/shared": "3.4.15",
        "estree-walker": "^2.0.2",
        "magic-string": "^0.30.5",
        "postcss": "^8.4.33",
        "source-map-js": "^1.0.2"
      }
    },
    "node_modules/@bcrs-shared-components/mixins/node_modules/@vue/server-renderer": {
      "version": "3.4.15",
      "resolved": "https://registry.npmjs.org/@vue/server-renderer/-/server-renderer-3.4.15.tgz",
      "integrity": "sha512-3HYzaidu9cHjrT+qGUuDhFYvF/j643bHC6uUN9BgM11DVy+pM6ATsG6uPBLnkwOgs7BpJABReLmpL3ZPAsUaqw==",
      "dependencies": {
        "@vue/compiler-ssr": "3.4.15",
        "@vue/shared": "3.4.15"
      },
      "peerDependencies": {
        "vue": "3.4.15"
      }
    },
    "node_modules/@bcrs-shared-components/mixins/node_modules/vue": {
      "version": "3.4.15",
      "resolved": "https://registry.npmjs.org/vue/-/vue-3.4.15.tgz",
      "integrity": "sha512-jC0GH4KkWLWJOEQjOpkqU1bQsBwf4R1rsFtw5GQJbjHVKWDzO6P0nWWBTmjp1xSemAioDFj1jdaK1qa3DnMQoQ==",
      "dependencies": {
        "@vue/compiler-dom": "3.4.15",
        "@vue/compiler-sfc": "3.4.15",
        "@vue/runtime-dom": "3.4.15",
        "@vue/server-renderer": "3.4.15",
        "@vue/shared": "3.4.15"
      },
      "peerDependencies": {
        "typescript": "*"
      },
      "peerDependenciesMeta": {
        "typescript": {
          "optional": true
        }
      }
    },
    "node_modules/@jridgewell/sourcemap-codec": {
      "version": "1.4.15",
      "resolved": "https://registry.npmjs.org/@jridgewell/sourcemap-codec/-/sourcemap-codec-1.4.15.tgz",
      "integrity": "sha512-eF2rxCRulEKXHTRiDrDy6erMYWqNw4LPdQ8UQA4huuxaQsVeRPFl2oM8oDGxMFhJUWZf9McpLtJasDDZb/Bpeg=="
    },
    "node_modules/@vue/compiler-core": {
      "version": "3.4.15",
      "resolved": "https://registry.npmjs.org/@vue/compiler-core/-/compiler-core-3.4.15.tgz",
      "integrity": "sha512-XcJQVOaxTKCnth1vCxEChteGuwG6wqnUHxAm1DO3gCz0+uXKaJNx8/digSz4dLALCy8n2lKq24jSUs8segoqIw==",
      "dependencies": {
        "@babel/parser": "^7.23.6",
        "@vue/shared": "3.4.15",
        "entities": "^4.5.0",
        "estree-walker": "^2.0.2",
        "source-map-js": "^1.0.2"
      }
    },
    "node_modules/@vue/compiler-dom": {
      "version": "3.4.15",
      "resolved": "https://registry.npmjs.org/@vue/compiler-dom/-/compiler-dom-3.4.15.tgz",
      "integrity": "sha512-wox0aasVV74zoXyblarOM3AZQz/Z+OunYcIHe1OsGclCHt8RsRm04DObjefaI82u6XDzv+qGWZ24tIsRAIi5MQ==",
      "dependencies": {
        "@vue/compiler-core": "3.4.15",
        "@vue/shared": "3.4.15"
      }
    },
    "node_modules/@vue/compiler-sfc": {
      "version": "2.7.15",
      "resolved": "https://registry.npmjs.org/@vue/compiler-sfc/-/compiler-sfc-2.7.15.tgz",
      "integrity": "sha512-FCvIEevPmgCgqFBH7wD+3B97y7u7oj/Wr69zADBf403Tui377bThTjBvekaZvlRr4IwUAu3M6hYZeULZFJbdYg==",
      "dependencies": {
        "@babel/parser": "^7.18.4",
        "postcss": "^8.4.14",
        "source-map": "^0.6.1"
      }
    },
    "node_modules/@vue/compiler-ssr": {
      "version": "3.4.15",
      "resolved": "https://registry.npmjs.org/@vue/compiler-ssr/-/compiler-ssr-3.4.15.tgz",
      "integrity": "sha512-1jdeQyiGznr8gjFDadVmOJqZiLNSsMa5ZgqavkPZ8O2wjHv0tVuAEsw5hTdUoUW4232vpBbL/wJhzVW/JwY1Uw==",
      "dependencies": {
        "@vue/compiler-dom": "3.4.15",
        "@vue/shared": "3.4.15"
      }
    },
    "node_modules/@vue/reactivity": {
      "version": "3.4.15",
      "resolved": "https://registry.npmjs.org/@vue/reactivity/-/reactivity-3.4.15.tgz",
      "integrity": "sha512-55yJh2bsff20K5O84MxSvXKPHHt17I2EomHznvFiJCAZpJTNW8IuLj1xZWMLELRhBK3kkFV/1ErZGHJfah7i7w==",
      "dependencies": {
        "@vue/shared": "3.4.15"
      }
    },
    "node_modules/@vue/runtime-core": {
      "version": "3.4.15",
      "resolved": "https://registry.npmjs.org/@vue/runtime-core/-/runtime-core-3.4.15.tgz",
      "integrity": "sha512-6E3by5m6v1AkW0McCeAyhHTw+3y17YCOKG0U0HDKDscV4Hs0kgNT5G+GCHak16jKgcCDHpI9xe5NKb8sdLCLdw==",
      "dependencies": {
        "@vue/reactivity": "3.4.15",
        "@vue/shared": "3.4.15"
      }
    },
    "node_modules/@vue/runtime-dom": {
      "version": "3.4.15",
      "resolved": "https://registry.npmjs.org/@vue/runtime-dom/-/runtime-dom-3.4.15.tgz",
      "integrity": "sha512-EVW8D6vfFVq3V/yDKNPBFkZKGMFSvZrUQmx196o/v2tHKdwWdiZjYUBS+0Ez3+ohRyF8Njwy/6FH5gYJ75liUw==",
      "dependencies": {
        "@vue/runtime-core": "3.4.15",
        "@vue/shared": "3.4.15",
        "csstype": "^3.1.3"
      }
    },
    "node_modules/@vue/shared": {
      "version": "3.4.15",
      "resolved": "https://registry.npmjs.org/@vue/shared/-/shared-3.4.15.tgz",
      "integrity": "sha512-KzfPTxVaWfB+eGcGdbSf4CWdaXcGDqckoeXUh7SB3fZdEtzPCK2Vq9B/lRRL3yutax/LWITz+SwvgyOxz5V75g=="
    },
    "node_modules/country-list": {
      "version": "2.3.0",
      "resolved": "https://registry.npmjs.org/country-list/-/country-list-2.3.0.tgz",
      "integrity": "sha512-qZk66RlmQm7fQjMYWku1AyjlKPogjPEorAZJG88owPExoPV8EsyCcuFLvO2afTXHEhi9liVOoyd+5A6ZS5QwaA=="
    },
    "node_modules/csstype": {
      "version": "3.1.3",
      "resolved": "https://registry.npmjs.org/csstype/-/csstype-3.1.3.tgz",
      "integrity": "sha512-M1uQkMl8rQK/szD0LNhtqxIPLpimGm8sOBwU7lLnCpSbTyY3yeU1Vc7l4KT5zT4s/yOxHH5O7tIuuLOCnLADRw=="
    },
    "node_modules/entities": {
      "version": "4.5.0",
      "resolved": "https://registry.npmjs.org/entities/-/entities-4.5.0.tgz",
      "integrity": "sha512-V0hjH4dGPh9Ao5p0MoRY6BVqtwCjhz6vI5LT8AJ55H+4g9/4vbHx1I54fS0XuclLhDHArPQCiMjDxjaL8fPxhw==",
      "engines": {
        "node": ">=0.12"
      },
      "funding": {
        "url": "https://github.com/fb55/entities?sponsor=1"
      }
    },
    "node_modules/estree-walker": {
      "version": "2.0.2",
      "resolved": "https://registry.npmjs.org/estree-walker/-/estree-walker-2.0.2.tgz",
      "integrity": "sha512-Rfkk/Mp/DL7JVje3u18FxFujQlTNR2q6QfMSMB7AvCBx91NGj/ba3kCfza0f6dVDbw7YlRf/nDrn7pQrCCyQ/w=="
    },
    "node_modules/lodash": {
      "version": "4.17.21",
      "resolved": "https://registry.npmjs.org/lodash/-/lodash-4.17.21.tgz",
      "integrity": "sha512-v2kDEe57lecTulaDIuNTPy3Ry4gLGJ6Z1O3vE1krgXZNrsQ+LFTGHVxVjcXPs17LhbZVGedAJv8XZ1tvj5FvSg=="
    },
    "node_modules/lodash.uniqueid": {
      "version": "4.0.1",
      "resolved": "https://registry.npmjs.org/lodash.uniqueid/-/lodash.uniqueid-4.0.1.tgz",
      "integrity": "sha512-GQQWaIeGlL6DIIr06kj1j6sSmBxyNMwI8kaX9aKpHR/XsMTiaXDVPNPAkiboOTK9OJpTJF/dXT3xYoFQnj386Q=="
    },
    "node_modules/magic-string": {
      "version": "0.30.5",
      "resolved": "https://registry.npmjs.org/magic-string/-/magic-string-0.30.5.tgz",
      "integrity": "sha512-7xlpfBaQaP/T6Vh8MO/EqXSW5En6INHEvEXQiuff7Gku0PWjU3uf6w/j9o7O+SpB5fOAkrI5HeoNgwjEO0pFsA==",
      "dependencies": {
        "@jridgewell/sourcemap-codec": "^1.4.15"
      },
      "engines": {
        "node": ">=12"
      }
    },
    "node_modules/nanoid": {
      "version": "3.3.7",
      "resolved": "https://registry.npmjs.org/nanoid/-/nanoid-3.3.7.tgz",
      "integrity": "sha512-eSRppjcPIatRIMC1U6UngP8XFcz8MQWGQdt1MTBQ7NaAmvXDfvNxbvWV3x2y6CdEUciCSsDHDQZbhYaB8QEo2g==",
      "funding": [
        {
          "type": "github",
          "url": "https://github.com/sponsors/ai"
        }
      ],
      "bin": {
        "nanoid": "bin/nanoid.cjs"
      },
      "engines": {
        "node": "^10 || ^12 || ^13.7 || ^14 || >=15.0.1"
      }
    },
    "node_modules/picocolors": {
      "version": "1.0.0",
      "resolved": "https://registry.npmjs.org/picocolors/-/picocolors-1.0.0.tgz",
      "integrity": "sha512-1fygroTLlHu66zi26VoTDv8yRgm0Fccecssto+MhsZ0D/DGW2sm8E8AjW7NU5VVTRt5GxbeZ5qBuJr+HyLYkjQ=="
    },
    "node_modules/postcss": {
      "version": "8.4.33",
      "resolved": "https://registry.npmjs.org/postcss/-/postcss-8.4.33.tgz",
      "integrity": "sha512-Kkpbhhdjw2qQs2O2DGX+8m5OVqEcbB9HRBvuYM9pgrjEFUg30A9LmXNlTAUj4S9kgtGyrMbTzVjH7E+s5Re2yg==",
      "funding": [
        {
          "type": "opencollective",
          "url": "https://opencollective.com/postcss/"
        },
        {
          "type": "tidelift",
          "url": "https://tidelift.com/funding/github/npm/postcss"
        },
        {
          "type": "github",
          "url": "https://github.com/sponsors/ai"
        }
      ],
      "dependencies": {
        "nanoid": "^3.3.7",
        "picocolors": "^1.0.0",
        "source-map-js": "^1.0.2"
      },
      "engines": {
        "node": "^10 || ^12 || >=14"
      }
    },
    "node_modules/provinces": {
      "version": "1.11.0",
      "resolved": "https://registry.npmjs.org/provinces/-/provinces-1.11.0.tgz",
      "integrity": "sha512-5hoDYWtKr89stoSVajofU1rFGKzB2wpUqJJfnldokWfLUnLamQK9PnA8svh2j3XOYdb8BI2vbU4q3DtEcdNQ9w=="
    },
    "node_modules/source-map": {
      "version": "0.6.1",
      "resolved": "https://registry.npmjs.org/source-map/-/source-map-0.6.1.tgz",
      "integrity": "sha512-UjgapumWlbMhkBgzT7Ykc5YXUT46F0iKu8SGXq0bcwP5dz/h0Plj6enJqjz1Zbq2l5WaqYnrVbwWOWMyF3F47g==",
      "engines": {
        "node": ">=0.10.0"
      }
    },
    "node_modules/source-map-js": {
      "version": "1.0.2",
      "resolved": "https://registry.npmjs.org/source-map-js/-/source-map-js-1.0.2.tgz",
      "integrity": "sha512-R0XvVJ9WusLiqTCEiGCmICCMplcCkIwwR11mOSD9CR5u+IXYdiseeEuXCVAjS54zqwkLcPNnmU4OeJ6tUrWhDw==",
      "engines": {
        "node": ">=0.10.0"
      }
    },
    "node_modules/vue": {
      "version": "2.7.15",
      "resolved": "https://registry.npmjs.org/vue/-/vue-2.7.15.tgz",
      "integrity": "sha512-a29fsXd2G0KMRqIFTpRgpSbWaNBK3lpCTOLuGLEDnlHWdjB8fwl6zyYZ8xCrqkJdatwZb4mGHiEfJjnw0Q6AwQ==",
      "dependencies": {
        "@vue/compiler-sfc": "2.7.15",
        "csstype": "^3.1.0"
      }
    }
  },
  "dependencies": {
    "@babel/parser": {
      "version": "7.23.6",
      "resolved": "https://registry.npmjs.org/@babel/parser/-/parser-7.23.6.tgz",
      "integrity": "sha512-Z2uID7YJ7oNvAI20O9X0bblw7Qqs8Q2hFy0R9tAfnfLkp5MW0UH9eUvnDSnFwKZ0AvgS1ucqR4KzvVHgnke1VQ=="
    },
    "@bcrs-shared-components/corp-type-module": {
      "version": "1.0.15",
      "resolved": "https://registry.npmjs.org/@bcrs-shared-components/corp-type-module/-/corp-type-module-1.0.15.tgz",
      "integrity": "sha512-g/TcNSR7zJsG2lBjn/NnM+/+k7dJzhAiy5PiPj0ObN56bUV1PrUWVVlg5lz4/JZUEAZetWhwnyAzPVGsn7kr1w=="
    },
    "@bcrs-shared-components/enums": {
      "version": "2.0.0",
      "resolved": "https://registry.npmjs.org/@bcrs-shared-components/enums/-/enums-2.0.0.tgz",
      "integrity": "sha512-Ed3aX+nGzT02SFmM0RDc7WpDhKjkMhv9EEklPPso9q2YYHQwm7H9BoK9O14gs+UbvfZsTkSeufWKofLGQiXJQw==",
      "requires": {
        "@bcrs-shared-components/corp-type-module": "^1.0.13"
      }
    },
    "@bcrs-shared-components/interfaces": {
      "version": "2.0.0",
      "resolved": "https://registry.npmjs.org/@bcrs-shared-components/interfaces/-/interfaces-2.0.0.tgz",
      "integrity": "sha512-4LMlLKho7spE6IjQpiyHLShF2bw44wSeGimRdOST6wmMB0UbQw5fghUaU++KYrF/MLmBMo1q2lV6YdJw4f7DbA==",
      "requires": {
        "@bcrs-shared-components/enums": "^2.0.0",
        "vue": "^2.7.14"
      }
    },
    "@bcrs-shared-components/mixins": {
      "version": "2.0.1",
      "resolved": "https://registry.npmjs.org/@bcrs-shared-components/mixins/-/mixins-2.0.1.tgz",
      "integrity": "sha512-SavsgDw+P/uWgsBG7N/qqfFje7s/wVi7aFg/FyiRZa/Pbj60wh6ZXugru0F0P6zqfFfItJMN9H+f+f+Sc8qPOQ==",
      "requires": {
        "@bcrs-shared-components/enums": "^2.0.0",
        "@bcrs-shared-components/interfaces": "^2.0.0",
        "country-list": "^2.3.0",
        "lodash": "4.17.21",
        "provinces": "^1.11.0",
        "vue": "^3.3.4"
      },
      "dependencies": {
        "@vue/compiler-sfc": {
          "version": "3.4.15",
          "resolved": "https://registry.npmjs.org/@vue/compiler-sfc/-/compiler-sfc-3.4.15.tgz",
          "integrity": "sha512-LCn5M6QpkpFsh3GQvs2mJUOAlBQcCco8D60Bcqmf3O3w5a+KWS5GvYbrrJBkgvL1BDnTp+e8q0lXCLgHhKguBA==",
          "requires": {
            "@babel/parser": "^7.23.6",
            "@vue/compiler-core": "3.4.15",
            "@vue/compiler-dom": "3.4.15",
            "@vue/compiler-ssr": "3.4.15",
            "@vue/shared": "3.4.15",
            "estree-walker": "^2.0.2",
            "magic-string": "^0.30.5",
            "postcss": "^8.4.33",
            "source-map-js": "^1.0.2"
          }
        },
        "@vue/server-renderer": {
          "version": "3.4.15",
          "resolved": "https://registry.npmjs.org/@vue/server-renderer/-/server-renderer-3.4.15.tgz",
          "integrity": "sha512-3HYzaidu9cHjrT+qGUuDhFYvF/j643bHC6uUN9BgM11DVy+pM6ATsG6uPBLnkwOgs7BpJABReLmpL3ZPAsUaqw==",
          "requires": {
            "@vue/compiler-ssr": "3.4.15",
            "@vue/shared": "3.4.15"
          }
        },
        "vue": {
          "version": "3.4.15",
          "resolved": "https://registry.npmjs.org/vue/-/vue-3.4.15.tgz",
          "integrity": "sha512-jC0GH4KkWLWJOEQjOpkqU1bQsBwf4R1rsFtw5GQJbjHVKWDzO6P0nWWBTmjp1xSemAioDFj1jdaK1qa3DnMQoQ==",
          "requires": {
            "@vue/compiler-dom": "3.4.15",
            "@vue/compiler-sfc": "3.4.15",
            "@vue/runtime-dom": "3.4.15",
            "@vue/server-renderer": "3.4.15",
            "@vue/shared": "3.4.15"
          }
        }
      }
    },
    "@jridgewell/sourcemap-codec": {
      "version": "1.4.15",
      "resolved": "https://registry.npmjs.org/@jridgewell/sourcemap-codec/-/sourcemap-codec-1.4.15.tgz",
      "integrity": "sha512-eF2rxCRulEKXHTRiDrDy6erMYWqNw4LPdQ8UQA4huuxaQsVeRPFl2oM8oDGxMFhJUWZf9McpLtJasDDZb/Bpeg=="
    },
    "@vue/compiler-core": {
      "version": "3.4.15",
      "resolved": "https://registry.npmjs.org/@vue/compiler-core/-/compiler-core-3.4.15.tgz",
      "integrity": "sha512-XcJQVOaxTKCnth1vCxEChteGuwG6wqnUHxAm1DO3gCz0+uXKaJNx8/digSz4dLALCy8n2lKq24jSUs8segoqIw==",
      "requires": {
        "@babel/parser": "^7.23.6",
        "@vue/shared": "3.4.15",
        "entities": "^4.5.0",
        "estree-walker": "^2.0.2",
        "source-map-js": "^1.0.2"
      }
    },
    "@vue/compiler-dom": {
      "version": "3.4.15",
      "resolved": "https://registry.npmjs.org/@vue/compiler-dom/-/compiler-dom-3.4.15.tgz",
      "integrity": "sha512-wox0aasVV74zoXyblarOM3AZQz/Z+OunYcIHe1OsGclCHt8RsRm04DObjefaI82u6XDzv+qGWZ24tIsRAIi5MQ==",
      "requires": {
        "@vue/compiler-core": "3.4.15",
        "@vue/shared": "3.4.15"
      }
    },
    "@vue/compiler-sfc": {
      "version": "2.7.15",
      "resolved": "https://registry.npmjs.org/@vue/compiler-sfc/-/compiler-sfc-2.7.15.tgz",
      "integrity": "sha512-FCvIEevPmgCgqFBH7wD+3B97y7u7oj/Wr69zADBf403Tui377bThTjBvekaZvlRr4IwUAu3M6hYZeULZFJbdYg==",
      "requires": {
        "@babel/parser": "^7.18.4",
        "postcss": "^8.4.14",
        "source-map": "^0.6.1"
      }
    },
    "@vue/compiler-ssr": {
      "version": "3.4.15",
      "resolved": "https://registry.npmjs.org/@vue/compiler-ssr/-/compiler-ssr-3.4.15.tgz",
      "integrity": "sha512-1jdeQyiGznr8gjFDadVmOJqZiLNSsMa5ZgqavkPZ8O2wjHv0tVuAEsw5hTdUoUW4232vpBbL/wJhzVW/JwY1Uw==",
      "requires": {
        "@vue/compiler-dom": "3.4.15",
        "@vue/shared": "3.4.15"
      }
    },
    "@vue/reactivity": {
      "version": "3.4.15",
      "resolved": "https://registry.npmjs.org/@vue/reactivity/-/reactivity-3.4.15.tgz",
      "integrity": "sha512-55yJh2bsff20K5O84MxSvXKPHHt17I2EomHznvFiJCAZpJTNW8IuLj1xZWMLELRhBK3kkFV/1ErZGHJfah7i7w==",
      "requires": {
        "@vue/shared": "3.4.15"
      }
    },
    "@vue/runtime-core": {
      "version": "3.4.15",
      "resolved": "https://registry.npmjs.org/@vue/runtime-core/-/runtime-core-3.4.15.tgz",
      "integrity": "sha512-6E3by5m6v1AkW0McCeAyhHTw+3y17YCOKG0U0HDKDscV4Hs0kgNT5G+GCHak16jKgcCDHpI9xe5NKb8sdLCLdw==",
      "requires": {
        "@vue/reactivity": "3.4.15",
        "@vue/shared": "3.4.15"
      }
    },
    "@vue/runtime-dom": {
      "version": "3.4.15",
      "resolved": "https://registry.npmjs.org/@vue/runtime-dom/-/runtime-dom-3.4.15.tgz",
      "integrity": "sha512-EVW8D6vfFVq3V/yDKNPBFkZKGMFSvZrUQmx196o/v2tHKdwWdiZjYUBS+0Ez3+ohRyF8Njwy/6FH5gYJ75liUw==",
      "requires": {
        "@vue/runtime-core": "3.4.15",
        "@vue/shared": "3.4.15",
        "csstype": "^3.1.3"
      }
    },
    "@vue/shared": {
      "version": "3.4.15",
      "resolved": "https://registry.npmjs.org/@vue/shared/-/shared-3.4.15.tgz",
      "integrity": "sha512-KzfPTxVaWfB+eGcGdbSf4CWdaXcGDqckoeXUh7SB3fZdEtzPCK2Vq9B/lRRL3yutax/LWITz+SwvgyOxz5V75g=="
    },
    "country-list": {
      "version": "2.3.0",
      "resolved": "https://registry.npmjs.org/country-list/-/country-list-2.3.0.tgz",
      "integrity": "sha512-qZk66RlmQm7fQjMYWku1AyjlKPogjPEorAZJG88owPExoPV8EsyCcuFLvO2afTXHEhi9liVOoyd+5A6ZS5QwaA=="
    },
    "csstype": {
      "version": "3.1.3",
      "resolved": "https://registry.npmjs.org/csstype/-/csstype-3.1.3.tgz",
      "integrity": "sha512-M1uQkMl8rQK/szD0LNhtqxIPLpimGm8sOBwU7lLnCpSbTyY3yeU1Vc7l4KT5zT4s/yOxHH5O7tIuuLOCnLADRw=="
    },
    "entities": {
      "version": "4.5.0",
      "resolved": "https://registry.npmjs.org/entities/-/entities-4.5.0.tgz",
      "integrity": "sha512-V0hjH4dGPh9Ao5p0MoRY6BVqtwCjhz6vI5LT8AJ55H+4g9/4vbHx1I54fS0XuclLhDHArPQCiMjDxjaL8fPxhw=="
    },
    "estree-walker": {
      "version": "2.0.2",
      "resolved": "https://registry.npmjs.org/estree-walker/-/estree-walker-2.0.2.tgz",
      "integrity": "sha512-Rfkk/Mp/DL7JVje3u18FxFujQlTNR2q6QfMSMB7AvCBx91NGj/ba3kCfza0f6dVDbw7YlRf/nDrn7pQrCCyQ/w=="
    },
    "lodash": {
      "version": "4.17.21",
      "resolved": "https://registry.npmjs.org/lodash/-/lodash-4.17.21.tgz",
      "integrity": "sha512-v2kDEe57lecTulaDIuNTPy3Ry4gLGJ6Z1O3vE1krgXZNrsQ+LFTGHVxVjcXPs17LhbZVGedAJv8XZ1tvj5FvSg=="
    },
    "lodash.uniqueid": {
      "version": "4.0.1",
      "resolved": "https://registry.npmjs.org/lodash.uniqueid/-/lodash.uniqueid-4.0.1.tgz",
      "integrity": "sha512-GQQWaIeGlL6DIIr06kj1j6sSmBxyNMwI8kaX9aKpHR/XsMTiaXDVPNPAkiboOTK9OJpTJF/dXT3xYoFQnj386Q=="
    },
    "magic-string": {
      "version": "0.30.5",
      "resolved": "https://registry.npmjs.org/magic-string/-/magic-string-0.30.5.tgz",
      "integrity": "sha512-7xlpfBaQaP/T6Vh8MO/EqXSW5En6INHEvEXQiuff7Gku0PWjU3uf6w/j9o7O+SpB5fOAkrI5HeoNgwjEO0pFsA==",
      "requires": {
        "@jridgewell/sourcemap-codec": "^1.4.15"
      }
    },
    "nanoid": {
      "version": "3.3.7",
      "resolved": "https://registry.npmjs.org/nanoid/-/nanoid-3.3.7.tgz",
      "integrity": "sha512-eSRppjcPIatRIMC1U6UngP8XFcz8MQWGQdt1MTBQ7NaAmvXDfvNxbvWV3x2y6CdEUciCSsDHDQZbhYaB8QEo2g=="
    },
    "picocolors": {
      "version": "1.0.0",
      "resolved": "https://registry.npmjs.org/picocolors/-/picocolors-1.0.0.tgz",
      "integrity": "sha512-1fygroTLlHu66zi26VoTDv8yRgm0Fccecssto+MhsZ0D/DGW2sm8E8AjW7NU5VVTRt5GxbeZ5qBuJr+HyLYkjQ=="
    },
    "postcss": {
      "version": "8.4.33",
      "resolved": "https://registry.npmjs.org/postcss/-/postcss-8.4.33.tgz",
      "integrity": "sha512-Kkpbhhdjw2qQs2O2DGX+8m5OVqEcbB9HRBvuYM9pgrjEFUg30A9LmXNlTAUj4S9kgtGyrMbTzVjH7E+s5Re2yg==",
      "requires": {
        "nanoid": "^3.3.7",
        "picocolors": "^1.0.0",
        "source-map-js": "^1.0.2"
      }
    },
    "provinces": {
      "version": "1.11.0",
      "resolved": "https://registry.npmjs.org/provinces/-/provinces-1.11.0.tgz",
      "integrity": "sha512-5hoDYWtKr89stoSVajofU1rFGKzB2wpUqJJfnldokWfLUnLamQK9PnA8svh2j3XOYdb8BI2vbU4q3DtEcdNQ9w=="
    },
    "source-map": {
      "version": "0.6.1",
      "resolved": "https://registry.npmjs.org/source-map/-/source-map-0.6.1.tgz",
      "integrity": "sha512-UjgapumWlbMhkBgzT7Ykc5YXUT46F0iKu8SGXq0bcwP5dz/h0Plj6enJqjz1Zbq2l5WaqYnrVbwWOWMyF3F47g=="
    },
    "source-map-js": {
      "version": "1.0.2",
      "resolved": "https://registry.npmjs.org/source-map-js/-/source-map-js-1.0.2.tgz",
      "integrity": "sha512-R0XvVJ9WusLiqTCEiGCmICCMplcCkIwwR11mOSD9CR5u+IXYdiseeEuXCVAjS54zqwkLcPNnmU4OeJ6tUrWhDw=="
    },
    "vue": {
      "version": "2.7.15",
      "resolved": "https://registry.npmjs.org/vue/-/vue-2.7.15.tgz",
      "integrity": "sha512-a29fsXd2G0KMRqIFTpRgpSbWaNBK3lpCTOLuGLEDnlHWdjB8fwl6zyYZ8xCrqkJdatwZb4mGHiEfJjnw0Q6AwQ==",
      "requires": {
        "@vue/compiler-sfc": "2.7.15",
        "csstype": "^3.1.0"
      }
    }
  }
}
